
Microsoft Visual Studio Solution File, Format Version 12.00
# Visual Studio 15
VisualStudioVersion = 15.0.28307.106
MinimumVisualStudioVersion = 10.0.40219.1
Project("{FAE04EC0-301F-11D3-BF4B-00C04F79EFBC}") = "PortfolioMainForm", "PortfolioMainForm\PortfolioMainForm.csproj", "{DE0555A6-A8DB-42D1-9C77-D3199EA660F0}"
EndProject
Project("{FAE04EC0-301F-11D3-BF4B-00C04F79EFBC}") = "GameWinFormProject", "GameWinFormProject\GameWinFormProject.csproj", "{7609F0FB-15D2-4A28-9275-E5A2C0A10B1D}"
EndProject
Project("{FAE04EC0-301F-11D3-BF4B-00C04F79EFBC}") = "ClassWinFormProject", "ClassWinFormProject\ClassWinFormProject.csproj", "{5AE1B3EC-75B7-42D2-A44B-781117C51394}"
EndProject
Project("{FAE04EC0-301F-11D3-BF4B-00C04F79EFBC}") = "ClassWinFormProject1", "ClassWinFormProject1\ClassWinFormProject1.csproj", "{2CBCE840-F5F5-427E-BFA5-C325F816BF7B}"
EndProject
Project("{FAE04EC0-301F-11D3-BF4B-00C04F79EFBC}") = "ManagementSystemWinFormProject", "ManagementSystemWinFormProject\ManagementSystemWinFormProject.csproj", "{AB7F0D81-C6B5-4DFE-8526-FEF9030E054F}"
EndProject
Project("{FAE04EC0-301F-11D3-BF4B-00C04F79EFBC}") = "CalculateWinFormProject", "CalculateWinFormProject\CalculateWinFormProject.csproj", "{EBBD4605-BA3C-41C6-A437-71737685CF99}"
EndProject
Project("{FAE04EC0-301F-11D3-BF4B-00C04F79EFBC}") = "PortfolioWinFormProject", "PortfolioWinFormProject\PortfolioWinFormProject.csproj", "{4DBCA365-4CA1-4516-9FA0-BE23DBCCF011}"
EndProject
Project("{FAE04EC0-301F-11D3-BF4B-00C04F79EFBC}") = "ToolWinFormProject", "ToolWinFormProject\ToolWinFormProject.csproj", "{6E409726-20E1-42DD-BE93-B23E47FEEF54}"
EndProject
Global
	GlobalSection(SolutionConfigurationPlatforms) = preSolution
		Debug|Any CPU = Debug|Any CPU
		Release|Any CPU = Release|Any CPU
	EndGlobalSection
	GlobalSection(ProjectConfigurationPlatforms) = postSolution
		{DE0555A6-A8DB-42D1-9C77-D3199EA660F0}.Debug|Any CPU.ActiveCfg = Debug|Any CPU
		{DE0555A6-A8DB-42D1-9C77-D3199EA660F0}.Debug|Any CPU.Build.0 = Debug|Any CPU
		{DE0555A6-A8DB-42D1-9C77-D3199EA660F0}.Release|Any CPU.ActiveCfg = Release|Any CPU
		{DE0555A6-A8DB-42D1-9C77-D3199EA660F0}.Release|Any CPU.Build.0 = Release|Any CPU
		{7609F0FB-15D2-4A28-9275-E5A2C0A10B1D}.Debug|Any CPU.ActiveCfg = Debug|Any CPU
		{7609F0FB-15D2-4A28-9275-E5A2C0A10B1D}.Debug|Any CPU.Build.0 = Debug|Any CPU
		{7609F0FB-15D2-4A28-9275-E5A2C0A10B1D}.Release|Any CPU.ActiveCfg = Release|Any CPU
		{7609F0FB-15D2-4A28-9275-E5A2C0A10B1D}.Release|Any CPU.Build.0 = Release|Any CPU
		{5AE1B3EC-75B7-42D2-A44B-781117C51394}.Debug|Any CPU.ActiveCfg = Debug|Any CPU
		{5AE1B3EC-75B7-42D2-A44B-781117C51394}.Debug|Any CPU.Build.0 = Debug|Any CPU
		{5AE1B3EC-75B7-42D2-A44B-781117C51394}.Release|Any CPU.ActiveCfg = Release|Any CPU
		{5AE1B3EC-75B7-42D2-A44B-781117C51394}.Release|Any CPU.Build.0 = Release|Any CPU
		{2CBCE840-F5F5-427E-BFA5-C325F816BF7B}.Debug|Any CPU.ActiveCfg = Debug|Any CPU
		{2CBCE840-F5F5-427E-BFA5-C325F816BF7B}.Debug|Any CPU.Build.0 = Debug|Any CPU
		{2CBCE840-F5F5-427E-BFA5-C325F816BF7B}.Release|Any CPU.ActiveCfg = Release|Any CPU
		{2CBCE840-F5F5-427E-BFA5-C325F816BF7B}.Release|Any CPU.Build.0 = Release|Any CPU
		{AB7F0D81-C6B5-4DFE-8526-FEF9030E054F}.Debug|Any CPU.ActiveCfg = Debug|Any CPU
		{AB7F0D81-C6B5-4DFE-8526-FEF9030E054F}.Debug|Any CPU.Build.0 = Debug|Any CPU
		{AB7F0D81-C6B5-4DFE-8526-FEF9030E054F}.Release|Any CPU.ActiveCfg = Release|Any CPU
		{AB7F0D81-C6B5-4DFE-8526-FEF9030E054F}.Release|Any CPU.Build.0 = Release|Any CPU
		{EBBD4605-BA3C-41C6-A437-71737685CF99}.Debug|Any CPU.ActiveCfg = Debug|Any CPU
		{EBBD4605-BA3C-41C6-A437-71737685CF99}.Debug|Any CPU.Build.0 = Debug|Any CPU
		{EBBD4605-BA3C-41C6-A437-71737685CF99}.Release|Any CPU.ActiveCfg = Release|Any CPU
		{EBBD4605-BA3C-41C6-A437-71737685CF99}.Release|Any CPU.Build.0 = Release|Any CPU
		{4DBCA365-4CA1-4516-9FA0-BE23DBCCF011}.Debug|Any CPU.ActiveCfg = Debug|Any CPU
		{4DBCA365-4CA1-4516-9FA0-BE23DBCCF011}.Debug|Any CPU.Build.0 = Debug|Any CPU
		{4DBCA365-4CA1-4516-9FA0-BE23DBCCF011}.Release|Any CPU.ActiveCfg = Release|Any CPU
		{4DBCA365-4CA1-4516-9FA0-BE23DBCCF011}.Release|Any CPU.Build.0 = Release|Any CPU
		{6E409726-20E1-42DD-BE93-B23E47FEEF54}.Debug|Any CPU.ActiveCfg = Debug|Any CPU
		{6E409726-20E1-42DD-BE93-B23E47FEEF54}.Debug|Any CPU.Build.0 = Debug|Any CPU
		{6E409726-20E1-42DD-BE93-B23E47FEEF54}.Release|Any CPU.ActiveCfg = Release|Any CPU
		{6E409726-20E1-42DD-BE93-B23E47FEEF54}.Release|Any CPU.Build.0 = Release|Any CPU
	EndGlobalSection
	GlobalSection(SolutionProperties) = preSolution
		HideSolutionNode = FALSE
	EndGlobalSection
	GlobalSection(ExtensibilityGlobals) = postSolution
		SolutionGuid = {4C751992-2EEE-440A-9C78-18FE3A9EE762}
	EndGlobalSection
EndGlobal
